
Microsoft Visual Studio Solution File, Format Version 12.00
# Visual Studio Version 17
VisualStudioVersion = 17.2.32630.192
MinimumVisualStudioVersion = 10.0.40219.1
Project("{9A19103F-16F7-4668-BE54-9A1E7A4F7556}") = "FruitsApp", "FruitsApp\FruitsApp.csproj", "{0F3C5582-5FAE-43A0-A3F2-C97AE5B250E4}"
EndProject
Project("{9A19103F-16F7-4668-BE54-9A1E7A4F7556}") = "MLFruitsWebApi", "MLFruitsWebApi\MLFruitsWebApi.csproj", "{1BA6BB65-AB95-442D-BE23-4C18B1335188}"
EndProject
Project("{9A19103F-16F7-4668-BE54-9A1E7A4F7556}") = "MLFruitsConsoleApp", "MLFruitsConsoleApp\MLFruitsConsoleApp.csproj", "{5EC6C060-AC01-4A28-B8E8-D6A92A479717}"
EndProject
Global
	GlobalSection(SolutionConfigurationPlatforms) = preSolution
		Debug|Any CPU = Debug|Any CPU
		Release|Any CPU = Release|Any CPU
	EndGlobalSection
	GlobalSection(ProjectConfigurationPlatforms) = postSolution
		{0F3C5582-5FAE-43A0-A3F2-C97AE5B250E4}.Debug|Any CPU.ActiveCfg = Debug|Any CPU
		{0F3C5582-5FAE-43A0-A3F2-C97AE5B250E4}.Debug|Any CPU.Build.0 = Debug|Any CPU
		{0F3C5582-5FAE-43A0-A3F2-C97AE5B250E4}.Release|Any CPU.ActiveCfg = Release|Any CPU
		{0F3C5582-5FAE-43A0-A3F2-C97AE5B250E4}.Release|Any CPU.Build.0 = Release|Any CPU
		{1BA6BB65-AB95-442D-BE23-4C18B1335188}.Debug|Any CPU.ActiveCfg = Debug|Any CPU
		{1BA6BB65-AB95-442D-BE23-4C18B1335188}.Debug|Any CPU.Build.0 = Debug|Any CPU
		{1BA6BB65-AB95-442D-BE23-4C18B1335188}.Release|Any CPU.ActiveCfg = Release|Any CPU
		{1BA6BB65-AB95-442D-BE23-4C18B1335188}.Release|Any CPU.Build.0 = Release|Any CPU
		{5EC6C060-AC01-4A28-B8E8-D6A92A479717}.Debug|Any CPU.ActiveCfg = Debug|Any CPU
		{5EC6C060-AC01-4A28-B8E8-D6A92A479717}.Debug|Any CPU.Build.0 = Debug|Any CPU
		{5EC6C060-AC01-4A28-B8E8-D6A92A479717}.Release|Any CPU.ActiveCfg = Release|Any CPU
		{5EC6C060-AC01-4A28-B8E8-D6A92A479717}.Release|Any CPU.Build.0 = Release|Any CPU
	EndGlobalSection
	GlobalSection(SolutionProperties) = preSolution
		HideSolutionNode = FALSE
	EndGlobalSection
	GlobalSection(ExtensibilityGlobals) = postSolution
		SolutionGuid = {F3632D85-771C-438B-8C95-812310BBB377}
	EndGlobalSection
EndGlobal
